# This file was autogenerated by Stack.
# You should not edit this file by hand.
# For more information, please see the documentation at:
#   https://docs.haskellstack.org/en/stable/lock_files

packages:
- completed:
    hackage: haskell-src-exts-1.22.0@sha256:f558923a9c8f57402c33a8cc871b934027a5c65414404c87239f6cbd7357d54e,4541
    pantry-tree:
      size: 96940
      sha256: 597b6f48bd409a4d0da013c4e356945c42e0d098966035d3aa68cd4a3ccd66c9
  original:
    hackage: haskell-src-exts-1.22.0@sha256:f558923a9c8f57402c33a8cc871b934027a5c65414404c87239f6cbd7357d54e,4541
snapshots:
- completed:
    size: 586296
    url: https://raw.githubusercontent.com/commercialhaskell/stackage-snapshots/master/lts/18/18.yaml
    sha256: 63539429076b7ebbab6daa7656cfb079393bf644971156dc349d7c0453694ac2
  original: lts-18.18
